
Microsoft Visual Studio Solution File, Format Version 12.00
# Visual Studio Version 16
VisualStudioVersion = 16.0.31605.320
MinimumVisualStudioVersion = 10.0.40219.1
Project("{FAE04EC0-301F-11D3-BF4B-00C04F79EFBC}") = "Pingi", "Pingi\Pingi.csproj", "{B8CDBAD3-11BC-4337-B2EE-0525F4E42D53}"
EndProject
Global
	GlobalSection(SolutionConfigurationPlatforms) = preSolution
		Debug|Any CPU = Debug|Any CPU
		Release|Any CPU = Release|Any CPU
	EndGlobalSection
	GlobalSection(ProjectConfigurationPlatforms) = postSolution
		{B8CDBAD3-11BC-4337-B2EE-0525F4E42D53}.Debug|Any CPU.ActiveCfg = Debug|Any CPU
		{B8CDBAD3-11BC-4337-B2EE-0525F4E42D53}.Debug|Any CPU.Build.0 = Debug|Any CPU
		{B8CDBAD3-11BC-4337-B2EE-0525F4E42D53}.Release|Any CPU.ActiveCfg = Release|Any CPU
		{B8CDBAD3-11BC-4337-B2EE-0525F4E42D53}.Release|Any CPU.Build.0 = Release|Any CPU
	EndGlobalSection
	GlobalSection(SolutionProperties) = preSolution
		HideSolutionNode = FALSE
	EndGlobalSection
	GlobalSection(ExtensibilityGlobals) = postSolution
		SolutionGuid = {301121D5-0273-4C44-B05B-EBED84006A94}
	EndGlobalSection
EndGlobal
